
Microsoft Visual Studio Solution File, Format Version 12.00
# Visual Studio Version 16
VisualStudioVersion = 16.0.32228.343
MinimumVisualStudioVersion = 10.0.40219.1
Project("{159641D6-6404-4A2A-AE62-294DE0FE8301}") = "AzureAeroHubXMLSSIS", "AzureAeroHubXMLSSIS\AzureAeroHubXMLSSIS.dtproj", "{12183FB3-D0B0-4FD4-A608-4CA3B43FFB36}"
EndProject
Project("{2150E333-8FDC-42A3-9474-1A3956D46DE8}") = "Solution Items", "Solution Items", "{885D5F3B-D046-4344-A090-7E03B56F9042}"
	ProjectSection(SolutionItems) = preProject
		AeroHubXMLFiles\AeroHub_QIF_Files\23064591_E_QIF30.qif = AeroHubXMLFiles\AeroHub_QIF_Files\23064591_E_QIF30.qif
		AeroHubXMLFiles\AeroHub_QIF_Files\23094535_F_QIF30.qif = AeroHubXMLFiles\AeroHub_QIF_Files\23094535_F_QIF30.qif
		AeroHubXMLFiles\AeroHub_QIF_Files\23094547_F_QIF30.qif = AeroHubXMLFiles\AeroHub_QIF_Files\23094547_F_QIF30.qif
		AeroHubXMLFiles\AerohubLinkData.xml = AeroHubXMLFiles\AerohubLinkData.xml
		AeroHubXMLFiles\AerohubSchema.xsd = AeroHubXMLFiles\AerohubSchema.xsd
	EndProjectSection
EndProject
Global
	GlobalSection(SolutionConfigurationPlatforms) = preSolution
		Azure|Default = Azure|Default
		Development|Default = Development|Default
	EndGlobalSection
	GlobalSection(ProjectConfigurationPlatforms) = postSolution
		{12183FB3-D0B0-4FD4-A608-4CA3B43FFB36}.Azure|Default.ActiveCfg = Azure
		{12183FB3-D0B0-4FD4-A608-4CA3B43FFB36}.Azure|Default.Build.0 = Azure
		{12183FB3-D0B0-4FD4-A608-4CA3B43FFB36}.Development|Default.ActiveCfg = Development
		{12183FB3-D0B0-4FD4-A608-4CA3B43FFB36}.Development|Default.Build.0 = Development
	EndGlobalSection
	GlobalSection(SolutionProperties) = preSolution
		HideSolutionNode = FALSE
	EndGlobalSection
	GlobalSection(ExtensibilityGlobals) = postSolution
		SolutionGuid = {48C693C4-2B5D-4231-B439-3ADB0FD82F01}
	EndGlobalSection
EndGlobal
